// !$*UTF8*$!
{
	archiveVersion = 1;
	classes = {
	};
	objectVersion = 56;
	objects = {

/* Begin PBXBuildFile section */
		43F1A8872C8FC75900DB1594 /* ScoutStocksApp.swift in Sources */ = {isa = PBXBuildFile; fileRef = 43F1A8862C8FC75900DB1594 /* ScoutStocksApp.swift */; };
		43F1A8892C8FC75900DB1594 /* StockList.swift in Sources */ = {isa = PBXBuildFile; fileRef = 43F1A8882C8FC75900DB1594 /* StockList.swift */; };
		43F1A88B2C8FC75A00DB1594 /* Assets.xcassets in Resources */ = {isa = PBXBuildFile; fileRef = 43F1A88A2C8FC75A00DB1594 /* Assets.xcassets */; };
		43F1A88E2C8FC75A00DB1594 /* Preview Assets.xcassets in Resources */ = {isa = PBXBuildFile; fileRef = 43F1A88D2C8FC75A00DB1594 /* Preview Assets.xcassets */; };
		43F1A8982C8FC75A00DB1594 /* ScoutStocksTests.swift in Sources */ = {isa = PBXBuildFile; fileRef = 43F1A8972C8FC75A00DB1594 /* ScoutStocksTests.swift */; };
		43F1A8A22C8FC75A00DB1594 /* ScoutStocksUITests.swift in Sources */ = {isa = PBXBuildFile; fileRef = 43F1A8A12C8FC75A00DB1594 /* ScoutStocksUITests.swift */; };
		43F1A8A42C8FC75A00DB1594 /* ScoutStocksUITestsLaunchTests.swift in Sources */ = {isa = PBXBuildFile; fileRef = 43F1A8A32C8FC75A00DB1594 /* ScoutStocksUITestsLaunchTests.swift */; };
		43F1A8B12C8FC77300DB1594 /* NetworkClient.swift in Sources */ = {isa = PBXBuildFile; fileRef = 43F1A8B02C8FC77300DB1594 /* NetworkClient.swift */; };
		43F1A8B42C8FC88100DB1594 /* Stock.swift in Sources */ = {isa = PBXBuildFile; fileRef = 43F1A8B32C8FC88100DB1594 /* Stock.swift */; };
		43F1A8BA2C8FCEEE00DB1594 /* ComposableArchitecture in Frameworks */ = {isa = PBXBuildFile; productRef = 43F1A8B92C8FCEEE00DB1594 /* ComposableArchitecture */; };
		43F1A8BC2C8FD02E00DB1594 /* StockSearch.swift in Sources */ = {isa = PBXBuildFile; fileRef = 43F1A8BB2C8FD02E00DB1594 /* StockSearch.swift */; };
		43F1A8BE2C90727E00DB1594 /* URL-Extensions.swift in Sources */ = {isa = PBXBuildFile; fileRef = 43F1A8BD2C90727E00DB1594 /* URL-Extensions.swift */; };
		43F1A8C02C9072C200DB1594 /* StockListSummary.swift in Sources */ = {isa = PBXBuildFile; fileRef = 43F1A8BF2C9072C200DB1594 /* StockListSummary.swift */; };
		43F1A8C22C90749300DB1594 /* Daily.swift in Sources */ = {isa = PBXBuildFile; fileRef = 43F1A8C12C90749300DB1594 /* Daily.swift */; };
		43F1A8C42C907ADD00DB1594 /* StockDetails.swift in Sources */ = {isa = PBXBuildFile; fileRef = 43F1A8C32C907ADD00DB1594 /* StockDetails.swift */; };
		43F1A8C62C90867200DB1594 /* Ticker.swift in Sources */ = {isa = PBXBuildFile; fileRef = 43F1A8C52C90867200DB1594 /* Ticker.swift */; };
		43F1A8C82C90FC4400DB1594 /* MovingAverage.swift in Sources */ = {isa = PBXBuildFile; fileRef = 43F1A8C72C90FC4400DB1594 /* MovingAverage.swift */; };
/* End PBXBuildFile section */

/* Begin PBXContainerItemProxy section */
		43F1A8942C8FC75A00DB1594 /* PBXContainerItemProxy */ = {
			isa = PBXContainerItemProxy;
			containerPortal = 43F1A87B2C8FC75900DB1594 /* Project object */;
			proxyType = 1;
			remoteGlobalIDString = 43F1A8822C8FC75900DB1594;
			remoteInfo = ScoutStocks;
		};
		43F1A89E2C8FC75A00DB1594 /* PBXContainerItemProxy */ = {
			isa = PBXContainerItemProxy;
			containerPortal = 43F1A87B2C8FC75900DB1594 /* Project object */;
			proxyType = 1;
			remoteGlobalIDString = 43F1A8822C8FC75900DB1594;
			remoteInfo = ScoutStocks;
		};
/* End PBXContainerItemProxy section */

/* Begin PBXFileReference section */
		43F1A8832C8FC75900DB1594 /* ScoutStocks.app */ = {isa = PBXFileReference; explicitFileType = wrapper.application; includeInIndex = 0; path = ScoutStocks.app; sourceTree = BUILT_PRODUCTS_DIR; };
		43F1A8862C8FC75900DB1594 /* ScoutStocksApp.swift */ = {isa = PBXFileReference; lastKnownFileType = sourcecode.swift; path = ScoutStocksApp.swift; sourceTree = "<group>"; };
		43F1A8882C8FC75900DB1594 /* StockList.swift */ = {isa = PBXFileReference; lastKnownFileType = sourcecode.swift; path = StockList.swift; sourceTree = "<group>"; };
		43F1A88A2C8FC75A00DB1594 /* Assets.xcassets */ = {isa = PBXFileReference; lastKnownFileType = folder.assetcatalog; path = Assets.xcassets; sourceTree = "<group>"; };
		43F1A88D2C8FC75A00DB1594 /* Preview Assets.xcassets */ = {isa = PBXFileReference; lastKnownFileType = folder.assetcatalog; path = "Preview Assets.xcassets"; sourceTree = "<group>"; };
		43F1A8932C8FC75A00DB1594 /* ScoutStocksTests.xctest */ = {isa = PBXFileReference; explicitFileType = wrapper.cfbundle; includeInIndex = 0; path = ScoutStocksTests.xctest; sourceTree = BUILT_PRODUCTS_DIR; };
		43F1A8972C8FC75A00DB1594 /* ScoutStocksTests.swift */ = {isa = PBXFileReference; lastKnownFileType = sourcecode.swift; path = ScoutStocksTests.swift; sourceTree = "<group>"; };
		43F1A89D2C8FC75A00DB1594 /* ScoutStocksUITests.xctest */ = {isa = PBXFileReference; explicitFileType = wrapper.cfbundle; includeInIndex = 0; path = ScoutStocksUITests.xctest; sourceTree = BUILT_PRODUCTS_DIR; };
		43F1A8A12C8FC75A00DB1594 /* ScoutStocksUITests.swift */ = {isa = PBXFileReference; lastKnownFileType = sourcecode.swift; path = ScoutStocksUITests.swift; sourceTree = "<group>"; };
		43F1A8A32C8FC75A00DB1594 /* ScoutStocksUITestsLaunchTests.swift */ = {isa = PBXFileReference; lastKnownFileType = sourcecode.swift; path = ScoutStocksUITestsLaunchTests.swift; sourceTree = "<group>"; };
		43F1A8B02C8FC77300DB1594 /* NetworkClient.swift */ = {isa = PBXFileReference; lastKnownFileType = sourcecode.swift; path = NetworkClient.swift; sourceTree = "<group>"; };
		43F1A8B32C8FC88100DB1594 /* Stock.swift */ = {isa = PBXFileReference; lastKnownFileType = sourcecode.swift; path = Stock.swift; sourceTree = "<group>"; };
		43F1A8BB2C8FD02E00DB1594 /* StockSearch.swift */ = {isa = PBXFileReference; lastKnownFileType = sourcecode.swift; path = StockSearch.swift; sourceTree = "<group>"; };
		43F1A8BD2C90727E00DB1594 /* URL-Extensions.swift */ = {isa = PBXFileReference; lastKnownFileType = sourcecode.swift; path = "URL-Extensions.swift"; sourceTree = "<group>"; };
		43F1A8BF2C9072C200DB1594 /* StockListSummary.swift */ = {isa = PBXFileReference; lastKnownFileType = sourcecode.swift; path = StockListSummary.swift; sourceTree = "<group>"; };
		43F1A8C12C90749300DB1594 /* Daily.swift */ = {isa = PBXFileReference; lastKnownFileType = sourcecode.swift; path = Daily.swift; sourceTree = "<group>"; };
		43F1A8C32C907ADD00DB1594 /* StockDetails.swift */ = {isa = PBXFileReference; lastKnownFileType = sourcecode.swift; path = StockDetails.swift; sourceTree = "<group>"; };
		43F1A8C52C90867200DB1594 /* Ticker.swift */ = {isa = PBXFileReference; lastKnownFileType = sourcecode.swift; path = Ticker.swift; sourceTree = "<group>"; };
		43F1A8C72C90FC4400DB1594 /* MovingAverage.swift */ = {isa = PBXFileReference; lastKnownFileType = sourcecode.swift; path = MovingAverage.swift; sourceTree = "<group>"; };
		43F1A8C92C921CD900DB1594 /* README.md */ = {isa = PBXFileReference; lastKnownFileType = net.daringfireball.markdown; path = README.md; sourceTree = "<group>"; };
/* End PBXFileReference section */

/* Begin PBXFrameworksBuildPhase section */
		43F1A8802C8FC75900DB1594 /* Frameworks */ = {
			isa = PBXFrameworksBuildPhase;
			buildActionMask = 2147483647;
			files = (
				43F1A8BA2C8FCEEE00DB1594 /* ComposableArchitecture in Frameworks */,
			);
			runOnlyForDeploymentPostprocessing = 0;
		};
		43F1A8902C8FC75A00DB1594 /* Frameworks */ = {
			isa = PBXFrameworksBuildPhase;
			buildActionMask = 2147483647;
			files = (
			);
			runOnlyForDeploymentPostprocessing = 0;
		};
		43F1A89A2C8FC75A00DB1594 /* Frameworks */ = {
			isa = PBXFrameworksBuildPhase;
			buildActionMask = 2147483647;
			files = (
			);
			runOnlyForDeploymentPostprocessing = 0;
		};
/* End PBXFrameworksBuildPhase section */

/* Begin PBXGroup section */
		43F1A87A2C8FC75900DB1594 = {
			isa = PBXGroup;
			children = (
				43F1A8C92C921CD900DB1594 /* README.md */,
				43F1A8852C8FC75900DB1594 /* ScoutStocks */,
				43F1A8962C8FC75A00DB1594 /* ScoutStocksTests */,
				43F1A8A02C8FC75A00DB1594 /* ScoutStocksUITests */,
				43F1A8842C8FC75900DB1594 /* Products */,
			);
			sourceTree = "<group>";
		};
		43F1A8842C8FC75900DB1594 /* Products */ = {
			isa = PBXGroup;
			children = (
				43F1A8832C8FC75900DB1594 /* ScoutStocks.app */,
				43F1A8932C8FC75A00DB1594 /* ScoutStocksTests.xctest */,
				43F1A89D2C8FC75A00DB1594 /* ScoutStocksUITests.xctest */,
			);
			name = Products;
			sourceTree = "<group>";
		};
		43F1A8852C8FC75900DB1594 /* ScoutStocks */ = {
			isa = PBXGroup;
			children = (
				43F1A8B02C8FC77300DB1594 /* NetworkClient.swift */,
				43F1A8BD2C90727E00DB1594 /* URL-Extensions.swift */,
				43F1A8862C8FC75900DB1594 /* ScoutStocksApp.swift */,
				43F1A8882C8FC75900DB1594 /* StockList.swift */,
				43F1A8BB2C8FD02E00DB1594 /* StockSearch.swift */,
				43F1A8BF2C9072C200DB1594 /* StockListSummary.swift */,
				43F1A8C32C907ADD00DB1594 /* StockDetails.swift */,
				43F1A8B22C8FC87600DB1594 /* Models */,
				43F1A88A2C8FC75A00DB1594 /* Assets.xcassets */,
				43F1A88C2C8FC75A00DB1594 /* Preview Content */,
			);
			path = ScoutStocks;
			sourceTree = "<group>";
		};
		43F1A88C2C8FC75A00DB1594 /* Preview Content */ = {
			isa = PBXGroup;
			children = (
				43F1A88D2C8FC75A00DB1594 /* Preview Assets.xcassets */,
			);
			path = "Preview Content";
			sourceTree = "<group>";
		};
		43F1A8962C8FC75A00DB1594 /* ScoutStocksTests */ = {
			isa = PBXGroup;
			children = (
				43F1A8972C8FC75A00DB1594 /* ScoutStocksTests.swift */,
			);
			path = ScoutStocksTests;
			sourceTree = "<group>";
		};
		43F1A8A02C8FC75A00DB1594 /* ScoutStocksUITests */ = {
			isa = PBXGroup;
			children = (
				43F1A8A12C8FC75A00DB1594 /* ScoutStocksUITests.swift */,
				43F1A8A32C8FC75A00DB1594 /* ScoutStocksUITestsLaunchTests.swift */,
			);
			path = ScoutStocksUITests;
			sourceTree = "<group>";
		};
		43F1A8B22C8FC87600DB1594 /* Models */ = {
			isa = PBXGroup;
			children = (
				43F1A8B32C8FC88100DB1594 /* Stock.swift */,
				43F1A8C12C90749300DB1594 /* Daily.swift */,
				43F1A8C52C90867200DB1594 /* Ticker.swift */,
				43F1A8C72C90FC4400DB1594 /* MovingAverage.swift */,
			);
			path = Models;
			sourceTree = "<group>";
		};
/* End PBXGroup section */

/* Begin PBXNativeTarget section */
		43F1A8822C8FC75900DB1594 /* ScoutStocks */ = {
			isa = PBXNativeTarget;
			buildConfigurationList = 43F1A8A72C8FC75A00DB1594 /* Build configuration list for PBXNativeTarget "ScoutStocks" */;
			buildPhases = (
				43F1A87F2C8FC75900DB1594 /* Sources */,
				43F1A8802C8FC75900DB1594 /* Frameworks */,
				43F1A8812C8FC75900DB1594 /* Resources */,
			);
			buildRules = (
			);
			dependencies = (
			);
			name = ScoutStocks;
			packageProductDependencies = (
				43F1A8B92C8FCEEE00DB1594 /* ComposableArchitecture */,
			);
			productName = ScoutStocks;
			productReference = 43F1A8832C8FC75900DB1594 /* ScoutStocks.app */;
			productType = "com.apple.product-type.application";
		};
		43F1A8922C8FC75A00DB1594 /* ScoutStocksTests */ = {
			isa = PBXNativeTarget;
			buildConfigurationList = 43F1A8AA2C8FC75A00DB1594 /* Build configuration list for PBXNativeTarget "ScoutStocksTests" */;
			buildPhases = (
				43F1A88F2C8FC75A00DB1594 /* Sources */,
				43F1A8902C8FC75A00DB1594 /* Frameworks */,
				43F1A8912C8FC75A00DB1594 /* Resources */,
			);
			buildRules = (
			);
			dependencies = (
				43F1A8952C8FC75A00DB1594 /* PBXTargetDependency */,
			);
			name = ScoutStocksTests;
			productName = ScoutStocksTests;
			productReference = 43F1A8932C8FC75A00DB1594 /* ScoutStocksTests.xctest */;
			productType = "com.apple.product-type.bundle.unit-test";
		};
		43F1A89C2C8FC75A00DB1594 /* ScoutStocksUITests */ = {
			isa = PBXNativeTarget;
			buildConfigurationList = 43F1A8AD2C8FC75A00DB1594 /* Build configuration list for PBXNativeTarget "ScoutStocksUITests" */;
			buildPhases = (
				43F1A8992C8FC75A00DB1594 /* Sources */,
				43F1A89A2C8FC75A00DB1594 /* Frameworks */,
				43F1A89B2C8FC75A00DB1594 /* Resources */,
			);
			buildRules = (
			);
			dependencies = (
				43F1A89F2C8FC75A00DB1594 /* PBXTargetDependency */,
			);
			name = ScoutStocksUITests;
			productName = ScoutStocksUITests;
			productReference = 43F1A89D2C8FC75A00DB1594 /* ScoutStocksUITests.xctest */;
			productType = "com.apple.product-type.bundle.ui-testing";
		};
/* End PBXNativeTarget section */

/* Begin PBXProject section */
		43F1A87B2C8FC75900DB1594 /* Project object */ = {
			isa = PBXProject;
			attributes = {
				BuildIndependentTargetsInParallel = 1;
				LastSwiftUpdateCheck = 1540;
				LastUpgradeCheck = 1540;
				TargetAttributes = {
					43F1A8822C8FC75900DB1594 = {
						CreatedOnToolsVersion = 15.4;
					};
					43F1A8922C8FC75A00DB1594 = {
						CreatedOnToolsVersion = 15.4;
						TestTargetID = 43F1A8822C8FC75900DB1594;
					};
					43F1A89C2C8FC75A00DB1594 = {
						CreatedOnToolsVersion = 15.4;
						TestTargetID = 43F1A8822C8FC75900DB1594;
					};
				};
			};
			buildConfigurationList = 43F1A87E2C8FC75900DB1594 /* Build configuration list for PBXProject "ScoutStocks" */;
			compatibilityVersion = "Xcode 14.0";
			developmentRegion = en;
			hasScannedForEncodings = 0;
			knownRegions = (
				en,
				Base,
			);
			mainGroup = 43F1A87A2C8FC75900DB1594;
			packageReferences = (
				43F1A8B82C8FCE6400DB1594 /* XCRemoteSwiftPackageReference "swift-composable-architecture" */,
			);
			productRefGroup = 43F1A8842C8FC75900DB1594 /* Products */;
			projectDirPath = "";
			projectRoot = "";
			targets = (
				43F1A8822C8FC75900DB1594 /* ScoutStocks */,
				43F1A8922C8FC75A00DB1594 /* ScoutStocksTests */,
				43F1A89C2C8FC75A00DB1594 /* ScoutStocksUITests */,
			);
		};
/* End PBXProject section */

/* Begin PBXResourcesBuildPhase section */
		43F1A8812C8FC75900DB1594 /* Resources */ = {
			isa = PBXResourcesBuildPhase;
			buildActionMask = 2147483647;
			files = (
				43F1A88E2C8FC75A00DB1594 /* Preview Assets.xcassets in Resources */,
				43F1A88B2C8FC75A00DB1594 /* Assets.xcassets in Resources */,
			);
			runOnlyForDeploymentPostprocessing = 0;
		};
		43F1A8912C8FC75A00DB1594 /* Resources */ = {
			isa = PBXResourcesBuildPhase;
			buildActionMask = 2147483647;
			files = (
			);
			runOnlyForDeploymentPostprocessing = 0;
		};
		43F1A89B2C8FC75A00DB1594 /* Resources */ = {
			isa = PBXResourcesBuildPhase;
			buildActionMask = 2147483647;
			files = (
			);
			runOnlyForDeploymentPostprocessing = 0;
		};
/* End PBXResourcesBuildPhase section */

/* Begin PBXSourcesBuildPhase section */
		43F1A87F2C8FC75900DB1594 /* Sources */ = {
			isa = PBXSourcesBuildPhase;
			buildActionMask = 2147483647;
			files = (
				43F1A8892C8FC75900DB1594 /* StockList.swift in Sources */,
				43F1A8C82C90FC4400DB1594 /* MovingAverage.swift in Sources */,
				43F1A8C22C90749300DB1594 /* Daily.swift in Sources */,
				43F1A8B42C8FC88100DB1594 /* Stock.swift in Sources */,
				43F1A8C42C907ADD00DB1594 /* StockDetails.swift in Sources */,
				43F1A8872C8FC75900DB1594 /* ScoutStocksApp.swift in Sources */,
				43F1A8BC2C8FD02E00DB1594 /* StockSearch.swift in Sources */,
				43F1A8B12C8FC77300DB1594 /* NetworkClient.swift in Sources */,
				43F1A8C62C90867200DB1594 /* Ticker.swift in Sources */,
				43F1A8C02C9072C200DB1594 /* StockListSummary.swift in Sources */,
				43F1A8BE2C90727E00DB1594 /* URL-Extensions.swift in Sources */,
			);
			runOnlyForDeploymentPostprocessing = 0;
		};
		43F1A88F2C8FC75A00DB1594 /* Sources */ = {
			isa = PBXSourcesBuildPhase;
			buildActionMask = 2147483647;
			files = (
				43F1A8982C8FC75A00DB1594 /* ScoutStocksTests.swift in Sources */,
			);
			runOnlyForDeploymentPostprocessing = 0;
		};
		43F1A8992C8FC75A00DB1594 /* Sources */ = {
			isa = PBXSourcesBuildPhase;
			buildActionMask = 2147483647;
			files = (
				43F1A8A42C8FC75A00DB1594 /* ScoutStocksUITestsLaunchTests.swift in Sources */,
				43F1A8A22C8FC75A00DB1594 /* ScoutStocksUITests.swift in Sources */,
			);
			runOnlyForDeploymentPostprocessing = 0;
		};
/* End PBXSourcesBuildPhase section */

/* Begin PBXTargetDependency section */
		43F1A8952C8FC75A00DB1594 /* PBXTargetDependency */ = {
			isa = PBXTargetDependency;
			target = 43F1A8822C8FC75900DB1594 /* ScoutStocks */;
			targetProxy = 43F1A8942C8FC75A00DB1594 /* PBXContainerItemProxy */;
		};
		43F1A89F2C8FC75A00DB1594 /* PBXTargetDependency */ = {
			isa = PBXTargetDependency;
			target = 43F1A8822C8FC75900DB1594 /* ScoutStocks */;
			targetProxy = 43F1A89E2C8FC75A00DB1594 /* PBXContainerItemProxy */;
		};
/* End PBXTargetDependency section */

/* Begin XCBuildConfiguration section */
		43F1A8A52C8FC75A00DB1594 /* Debug */ = {
			isa = XCBuildConfiguration;
			buildSettings = {
				ALWAYS_SEARCH_USER_PATHS = NO;
				ASSETCATALOG_COMPILER_GENERATE_SWIFT_ASSET_SYMBOL_EXTENSIONS = YES;
				CLANG_ANALYZER_NONNULL = YES;
				CLANG_ANALYZER_NUMBER_OBJECT_CONVERSION = YES_AGGRESSIVE;
				CLANG_CXX_LANGUAGE_STANDARD = "gnu++20";
				CLANG_ENABLE_MODULES = YES;
				CLANG_ENABLE_OBJC_ARC = YES;
				CLANG_ENABLE_OBJC_WEAK = YES;
				CLANG_WARN_BLOCK_CAPTURE_AUTORELEASING = YES;
				CLANG_WARN_BOOL_CONVERSION = YES;
				CLANG_WARN_COMMA = YES;
				CLANG_WARN_CONSTANT_CONVERSION = YES;
				CLANG_WARN_DEPRECATED_OBJC_IMPLEMENTATIONS = YES;
				CLANG_WARN_DIRECT_OBJC_ISA_USAGE = YES_ERROR;
				CLANG_WARN_DOCUMENTATION_COMMENTS = YES;
				CLANG_WARN_EMPTY_BODY = YES;
				CLANG_WARN_ENUM_CONVERSION = YES;
				CLANG_WARN_INFINITE_RECURSION = YES;
				CLANG_WARN_INT_CONVERSION = YES;
				CLANG_WARN_NON_LITERAL_NULL_CONVERSION = YES;
				CLANG_WARN_OBJC_IMPLICIT_RETAIN_SELF = YES;
				CLANG_WARN_OBJC_LITERAL_CONVERSION = YES;
				CLANG_WARN_OBJC_ROOT_CLASS = YES_ERROR;
				CLANG_WARN_QUOTED_INCLUDE_IN_FRAMEWORK_HEADER = YES;
				CLANG_WARN_RANGE_LOOP_ANALYSIS = YES;
				CLANG_WARN_STRICT_PROTOTYPES = YES;
				CLANG_WARN_SUSPICIOUS_MOVE = YES;
				CLANG_WARN_UNGUARDED_AVAILABILITY = YES_AGGRESSIVE;
				CLANG_WARN_UNREACHABLE_CODE = YES;
				CLANG_WARN__DUPLICATE_METHOD_MATCH = YES;
				COPY_PHASE_STRIP = NO;
				DEBUG_INFORMATION_FORMAT = dwarf;
				ENABLE_STRICT_OBJC_MSGSEND = YES;
				ENABLE_TESTABILITY = YES;
				ENABLE_USER_SCRIPT_SANDBOXING = YES;
				GCC_C_LANGUAGE_STANDARD = gnu17;
				GCC_DYNAMIC_NO_PIC = NO;
				GCC_NO_COMMON_BLOCKS = YES;
				GCC_OPTIMIZATION_LEVEL = 0;
				GCC_PREPROCESSOR_DEFINITIONS = (
					"DEBUG=1",
					"$(inherited)",
				);
				GCC_WARN_64_TO_32_BIT_CONVERSION = YES;
				GCC_WARN_ABOUT_RETURN_TYPE = YES_ERROR;
				GCC_WARN_UNDECLARED_SELECTOR = YES;
				GCC_WARN_UNINITIALIZED_AUTOS = YES_AGGRESSIVE;
				GCC_WARN_UNUSED_FUNCTION = YES;
				GCC_WARN_UNUSED_VARIABLE = YES;
				IPHONEOS_DEPLOYMENT_TARGET = 17.5;
				LOCALIZATION_PREFERS_STRING_CATALOGS = YES;
				MTL_ENABLE_DEBUG_INFO = INCLUDE_SOURCE;
				MTL_FAST_MATH = YES;
				ONLY_ACTIVE_ARCH = YES;
				SDKROOT = iphoneos;
				SWIFT_ACTIVE_COMPILATION_CONDITIONS = "DEBUG $(inherited)";
				SWIFT_OPTIMIZATION_LEVEL = "-Onone";
			};
			name = Debug;
		};
		43F1A8A62C8FC75A00DB1594 /* Release */ = {
			isa = XCBuildConfiguration;
			buildSettings = {
				ALWAYS_SEARCH_USER_PATHS = NO;
				ASSETCATALOG_COMPILER_GENERATE_SWIFT_ASSET_SYMBOL_EXTENSIONS = YES;
				CLANG_ANALYZER_NONNULL = YES;
				CLANG_ANALYZER_NUMBER_OBJECT_CONVERSION = YES_AGGRESSIVE;
				CLANG_CXX_LANGUAGE_STANDARD = "gnu++20";
				CLANG_ENABLE_MODULES = YES;
				CLANG_ENABLE_OBJC_ARC = YES;
				CLANG_ENABLE_OBJC_WEAK = YES;
				CLANG_WARN_BLOCK_CAPTURE_AUTORELEASING = YES;
				CLANG_WARN_BOOL_CONVERSION = YES;
				CLANG_WARN_COMMA = YES;
				CLANG_WARN_CONSTANT_CONVERSION = YES;
				CLANG_WARN_DEPRECATED_OBJC_IMPLEMENTATIONS = YES;
				CLANG_WARN_DIRECT_OBJC_ISA_USAGE = YES_ERROR;
				CLANG_WARN_DOCUMENTATION_COMMENTS = YES;
				CLANG_WARN_EMPTY_BODY = YES;
				CLANG_WARN_ENUM_CONVERSION = YES;
				CLANG_WARN_INFINITE_RECURSION = YES;
				CLANG_WARN_INT_CONVERSION = YES;
				CLANG_WARN_NON_LITERAL_NULL_CONVERSION = YES;
				CLANG_WARN_OBJC_IMPLICIT_RETAIN_SELF = YES;
				CLANG_WARN_OBJC_LITERAL_CONVERSION = YES;
				CLANG_WARN_OBJC_ROOT_CLASS = YES_ERROR;
				CLANG_WARN_QUOTED_INCLUDE_IN_FRAMEWORK_HEADER = YES;
				CLANG_WARN_RANGE_LOOP_ANALYSIS = YES;
				CLANG_WARN_STRICT_PROTOTYPES = YES;
				CLANG_WARN_SUSPICIOUS_MOVE = YES;
				CLANG_WARN_UNGUARDED_AVAILABILITY = YES_AGGRESSIVE;
				CLANG_WARN_UNREACHABLE_CODE = YES;
				CLANG_WARN__DUPLICATE_METHOD_MATCH = YES;
				COPY_PHASE_STRIP = NO;
				DEBUG_INFORMATION_FORMAT = "dwarf-with-dsym";
				ENABLE_NS_ASSERTIONS = NO;
				ENABLE_STRICT_OBJC_MSGSEND = YES;
				ENABLE_USER_SCRIPT_SANDBOXING = YES;
				GCC_C_LANGUAGE_STANDARD = gnu17;
				GCC_NO_COMMON_BLOCKS = YES;
				GCC_WARN_64_TO_32_BIT_CONVERSION = YES;
				GCC_WARN_ABOUT_RETURN_TYPE = YES_ERROR;
				GCC_WARN_UNDECLARED_SELECTOR = YES;
				GCC_WARN_UNINITIALIZED_AUTOS = YES_AGGRESSIVE;
				GCC_WARN_UNUSED_FUNCTION = YES;
				GCC_WARN_UNUSED_VARIABLE = YES;
				IPHONEOS_DEPLOYMENT_TARGET = 17.5;
				LOCALIZATION_PREFERS_STRING_CATALOGS = YES;
				MTL_ENABLE_DEBUG_INFO = NO;
				MTL_FAST_MATH = YES;
				SDKROOT = iphoneos;
				SWIFT_COMPILATION_MODE = wholemodule;
				VALIDATE_PRODUCT = YES;
			};
			name = Release;
		};
		43F1A8A82C8FC75A00DB1594 /* Debug */ = {
			isa = XCBuildConfiguration;
			buildSettings = {
				ASSETCATALOG_COMPILER_APPICON_NAME = AppIcon;
				ASSETCATALOG_COMPILER_GLOBAL_ACCENT_COLOR_NAME = AccentColor;
				CODE_SIGN_STYLE = Automatic;
				CURRENT_PROJECT_VERSION = 1;
				DEVELOPMENT_ASSET_PATHS = "\"ScoutStocks/Preview Content\"";
				DEVELOPMENT_TEAM = MXEPMTL3DP;
				ENABLE_PREVIEWS = YES;
				GENERATE_INFOPLIST_FILE = YES;
				INFOPLIST_KEY_UIApplicationSceneManifest_Generation = YES;
				INFOPLIST_KEY_UIApplicationSupportsIndirectInputEvents = YES;
				INFOPLIST_KEY_UILaunchScreen_Generation = YES;
				INFOPLIST_KEY_UISupportedInterfaceOrientations_iPad = "UIInterfaceOrientationPortrait UIInterfaceOrientationPortraitUpsideDown UIInterfaceOrientationLandscapeLeft UIInterfaceOrientationLandscapeRight";
				INFOPLIST_KEY_UISupportedInterfaceOrientations_iPhone = "UIInterfaceOrientationPortrait UIInterfaceOrientationLandscapeLeft UIInterfaceOrientationLandscapeRight";
				LD_RUNPATH_SEARCH_PATHS = (
					"$(inherited)",
					"@executable_path/Frameworks",
				);
				MARKETING_VERSION = 1.0;
				PRODUCT_BUNDLE_IDENTIFIER = com.NateMann.ScoutStocks;
				PRODUCT_NAME = "$(TARGET_NAME)";
				SWIFT_EMIT_LOC_STRINGS = YES;
				SWIFT_VERSION = 5.0;
				TARGETED_DEVICE_FAMILY = "1,2";
			};
			name = Debug;
		};
		43F1A8A92C8FC75A00DB1594 /* Release */ = {
			isa = XCBuildConfiguration;
			buildSettings = {
				ASSETCATALOG_COMPILER_APPICON_NAME = AppIcon;
				ASSETCATALOG_COMPILER_GLOBAL_ACCENT_COLOR_NAME = AccentColor;
				CODE_SIGN_STYLE = Automatic;
				CURRENT_PROJECT_VERSION = 1;
				DEVELOPMENT_ASSET_PATHS = "\"ScoutStocks/Preview Content\"";
				DEVELOPMENT_TEAM = MXEPMTL3DP;
				ENABLE_PREVIEWS = YES;
				GENERATE_INFOPLIST_FILE = YES;
				INFOPLIST_KEY_UIApplicationSceneManifest_Generation = YES;
				INFOPLIST_KEY_UIApplicationSupportsIndirectInputEvents = YES;
				INFOPLIST_KEY_UILaunchScreen_Generation = YES;
				INFOPLIST_KEY_UISupportedInterfaceOrientations_iPad = "UIInterfaceOrientationPortrait UIInterfaceOrientationPortraitUpsideDown UIInterfaceOrientationLandscapeLeft UIInterfaceOrientationLandscapeRight";
				INFOPLIST_KEY_UISupportedInterfaceOrientations_iPhone = "UIInterfaceOrientationPortrait UIInterfaceOrientationLandscapeLeft UIInterfaceOrientationLandscapeRight";
				LD_RUNPATH_SEARCH_PATHS = (
					"$(inherited)",
					"@executable_path/Frameworks",
				);
				MARKETING_VERSION = 1.0;
				PRODUCT_BUNDLE_IDENTIFIER = com.NateMann.ScoutStocks;
				PRODUCT_NAME = "$(TARGET_NAME)";
				SWIFT_EMIT_LOC_STRINGS = YES;
				SWIFT_VERSION = 5.0;
				TARGETED_DEVICE_FAMILY = "1,2";
			};
			name = Release;
		};
		43F1A8AB2C8FC75A00DB1594 /* Debug */ = {
			isa = XCBuildConfiguration;
			buildSettings = {
				ALWAYS_EMBED_SWIFT_STANDARD_LIBRARIES = YES;
				BUNDLE_LOADER = "$(TEST_HOST)";
				CODE_SIGN_STYLE = Automatic;
				CURRENT_PROJECT_VERSION = 1;
				DEVELOPMENT_TEAM = MXEPMTL3DP;
				GENERATE_INFOPLIST_FILE = YES;
				IPHONEOS_DEPLOYMENT_TARGET = 17.5;
				MARKETING_VERSION = 1.0;
				PRODUCT_BUNDLE_IDENTIFIER = com.NateMann.ScoutStocksTests;
				PRODUCT_NAME = "$(TARGET_NAME)";
				SWIFT_EMIT_LOC_STRINGS = NO;
				SWIFT_VERSION = 5.0;
				TARGETED_DEVICE_FAMILY = "1,2";
				TEST_HOST = "$(BUILT_PRODUCTS_DIR)/ScoutStocks.app/$(BUNDLE_EXECUTABLE_FOLDER_PATH)/ScoutStocks";
			};
			name = Debug;
		};
		43F1A8AC2C8FC75A00DB1594 /* Release */ = {
			isa = XCBuildConfiguration;
			buildSettings = {
				ALWAYS_EMBED_SWIFT_STANDARD_LIBRARIES = YES;
				BUNDLE_LOADER = "$(TEST_HOST)";
				CODE_SIGN_STYLE = Automatic;
				CURRENT_PROJECT_VERSION = 1;
				DEVELOPMENT_TEAM = MXEPMTL3DP;
				GENERATE_INFOPLIST_FILE = YES;
				IPHONEOS_DEPLOYMENT_TARGET = 17.5;
				MARKETING_VERSION = 1.0;
				PRODUCT_BUNDLE_IDENTIFIER = com.NateMann.ScoutStocksTests;
				PRODUCT_NAME = "$(TARGET_NAME)";
				SWIFT_EMIT_LOC_STRINGS = NO;
				SWIFT_VERSION = 5.0;
				TARGETED_DEVICE_FAMILY = "1,2";
				TEST_HOST = "$(BUILT_PRODUCTS_DIR)/ScoutStocks.app/$(BUNDLE_EXECUTABLE_FOLDER_PATH)/ScoutStocks";
			};
			name = Release;
		};
		43F1A8AE2C8FC75A00DB1594 /* Debug */ = {
			isa = XCBuildConfiguration;
			buildSettings = {
				ALWAYS_EMBED_SWIFT_STANDARD_LIBRARIES = YES;
				CODE_SIGN_STYLE = Automatic;
				CURRENT_PROJECT_VERSION = 1;
				DEVELOPMENT_TEAM = MXEPMTL3DP;
				GENERATE_INFOPLIST_FILE = YES;
				MARKETING_VERSION = 1.0;
				PRODUCT_BUNDLE_IDENTIFIER = com.NateMann.ScoutStocksUITests;
				PRODUCT_NAME = "$(TARGET_NAME)";
				SWIFT_EMIT_LOC_STRINGS = NO;
				SWIFT_VERSION = 5.0;
				TARGETED_DEVICE_FAMILY = "1,2";
				TEST_TARGET_NAME = ScoutStocks;
			};
			name = Debug;
		};
		43F1A8AF2C8FC75A00DB1594 /* Release */ = {
			isa = XCBuildConfiguration;
			buildSettings = {
				ALWAYS_EMBED_SWIFT_STANDARD_LIBRARIES = YES;
				CODE_SIGN_STYLE = Automatic;
				CURRENT_PROJECT_VERSION = 1;
				DEVELOPMENT_TEAM = MXEPMTL3DP;
				GENERATE_INFOPLIST_FILE = YES;
				MARKETING_VERSION = 1.0;
				PRODUCT_BUNDLE_IDENTIFIER = com.NateMann.ScoutStocksUITests;
				PRODUCT_NAME = "$(TARGET_NAME)";
				SWIFT_EMIT_LOC_STRINGS = NO;
				SWIFT_VERSION = 5.0;
				TARGETED_DEVICE_FAMILY = "1,2";
				TEST_TARGET_NAME = ScoutStocks;
			};
			name = Release;
		};
/* End XCBuildConfiguration section */

/* Begin XCConfigurationList section */
		43F1A87E2C8FC75900DB1594 /* Build configuration list for PBXProject "ScoutStocks" */ = {
			isa = XCConfigurationList;
			buildConfigurations = (
				43F1A8A52C8FC75A00DB1594 /* Debug */,
				43F1A8A62C8FC75A00DB1594 /* Release */,
			);
			defaultConfigurationIsVisible = 0;
			defaultConfigurationName = Release;
		};
		43F1A8A72C8FC75A00DB1594 /* Build configuration list for PBXNativeTarget "ScoutStocks" */ = {
			isa = XCConfigurationList;
			buildConfigurations = (
				43F1A8A82C8FC75A00DB1594 /* Debug */,
				43F1A8A92C8FC75A00DB1594 /* Release */,
			);
			defaultConfigurationIsVisible = 0;
			defaultConfigurationName = Release;
		};
		43F1A8AA2C8FC75A00DB1594 /* Build configuration list for PBXNativeTarget "ScoutStocksTests" */ = {
			isa = XCConfigurationList;
			buildConfigurations = (
				43F1A8AB2C8FC75A00DB1594 /* Debug */,
				43F1A8AC2C8FC75A00DB1594 /* Release */,
			);
			defaultConfigurationIsVisible = 0;
			defaultConfigurationName = Release;
		};
		43F1A8AD2C8FC75A00DB1594 /* Build configuration list for PBXNativeTarget "ScoutStocksUITests" */ = {
			isa = XCConfigurationList;
			buildConfigurations = (
				43F1A8AE2C8FC75A00DB1594 /* Debug */,
				43F1A8AF2C8FC75A00DB1594 /* Release */,
			);
			defaultConfigurationIsVisible = 0;
			defaultConfigurationName = Release;
		};
/* End XCConfigurationList section */

/* Begin XCRemoteSwiftPackageReference section */
		43F1A8B82C8FCE6400DB1594 /* XCRemoteSwiftPackageReference "swift-composable-architecture" */ = {
			isa = XCRemoteSwiftPackageReference;
			repositoryURL = "https://github.com/pointfreeco/swift-composable-architecture";
			requirement = {
				kind = upToNextMajorVersion;
				minimumVersion = 1.14.0;
			};
		};
/* End XCRemoteSwiftPackageReference section */

/* Begin XCSwiftPackageProductDependency section */
		43F1A8B92C8FCEEE00DB1594 /* ComposableArchitecture */ = {
			isa = XCSwiftPackageProductDependency;
			package = 43F1A8B82C8FCE6400DB1594 /* XCRemoteSwiftPackageReference "swift-composable-architecture" */;
			productName = ComposableArchitecture;
		};
/* End XCSwiftPackageProductDependency section */
	};
	rootObject = 43F1A87B2C8FC75900DB1594 /* Project object */;
}
